
Microsoft Visual Studio Solution File, Format Version 12.00
# Visual Studio Version 16
VisualStudioVersion = 16.0.29905.134
MinimumVisualStudioVersion = 10.0.40219.1
Project("{FAE04EC0-301F-11D3-BF4B-00C04F79EFBC}") = "PromotionEngine", "PromotionEngine\PromotionEngine.csproj", "{7E551379-4D81-4240-8DB0-8E89B0CDF30A}"
EndProject
Project("{FAE04EC0-301F-11D3-BF4B-00C04F79EFBC}") = "PromotionEngine.Test", "PromotionEngine.Test\PromotionEngine.Test.csproj", "{83E1A9DA-2172-4D32-8B7D-D9D9864DD6FA}"
EndProject
Global
	GlobalSection(SolutionConfigurationPlatforms) = preSolution
		Debug|Any CPU = Debug|Any CPU
		Release|Any CPU = Release|Any CPU
	EndGlobalSection
	GlobalSection(ProjectConfigurationPlatforms) = postSolution
		{7E551379-4D81-4240-8DB0-8E89B0CDF30A}.Debug|Any CPU.ActiveCfg = Debug|Any CPU
		{7E551379-4D81-4240-8DB0-8E89B0CDF30A}.Debug|Any CPU.Build.0 = Debug|Any CPU
		{7E551379-4D81-4240-8DB0-8E89B0CDF30A}.Release|Any CPU.ActiveCfg = Release|Any CPU
		{7E551379-4D81-4240-8DB0-8E89B0CDF30A}.Release|Any CPU.Build.0 = Release|Any CPU
		{83E1A9DA-2172-4D32-8B7D-D9D9864DD6FA}.Debug|Any CPU.ActiveCfg = Debug|Any CPU
		{83E1A9DA-2172-4D32-8B7D-D9D9864DD6FA}.Debug|Any CPU.Build.0 = Debug|Any CPU
		{83E1A9DA-2172-4D32-8B7D-D9D9864DD6FA}.Release|Any CPU.ActiveCfg = Release|Any CPU
		{83E1A9DA-2172-4D32-8B7D-D9D9864DD6FA}.Release|Any CPU.Build.0 = Release|Any CPU
	EndGlobalSection
	GlobalSection(SolutionProperties) = preSolution
		HideSolutionNode = FALSE
	EndGlobalSection
	GlobalSection(ExtensibilityGlobals) = postSolution
		SolutionGuid = {702643A6-32A3-4E61-8CDB-7FA6D1958A1D}
	EndGlobalSection
EndGlobal
